
Microsoft Visual Studio Solution File, Format Version 12.00
# Visual Studio 15
VisualStudioVersion = 15.0.26124.0
MinimumVisualStudioVersion = 15.0.26124.0
Project("{F2A71F9B-5D33-465A-A702-920D77279786}") = "HighScoreApi", "HighScoreApi\HighScoreApi.fsproj", "{511DCB66-2B11-4CFB-99A6-7DBB19C4B9A7}"
EndProject
Project("{F2A71F9B-5D33-465A-A702-920D77279786}") = "HighScoreApi.Tests", "HighScoreApi.Tests\HighScoreApi.Tests.fsproj", "{80C9D333-3542-4C7D-ADC1-F4464F0FF626}"
EndProject
Global
	GlobalSection(SolutionConfigurationPlatforms) = preSolution
		Debug|Any CPU = Debug|Any CPU
		Debug|x64 = Debug|x64
		Debug|x86 = Debug|x86
		Release|Any CPU = Release|Any CPU
		Release|x64 = Release|x64
		Release|x86 = Release|x86
	EndGlobalSection
	GlobalSection(SolutionProperties) = preSolution
		HideSolutionNode = FALSE
	EndGlobalSection
	GlobalSection(ProjectConfigurationPlatforms) = postSolution
		{511DCB66-2B11-4CFB-99A6-7DBB19C4B9A7}.Debug|Any CPU.ActiveCfg = Debug|Any CPU
		{511DCB66-2B11-4CFB-99A6-7DBB19C4B9A7}.Debug|Any CPU.Build.0 = Debug|Any CPU
		{511DCB66-2B11-4CFB-99A6-7DBB19C4B9A7}.Debug|x64.ActiveCfg = Debug|Any CPU
		{511DCB66-2B11-4CFB-99A6-7DBB19C4B9A7}.Debug|x64.Build.0 = Debug|Any CPU
		{511DCB66-2B11-4CFB-99A6-7DBB19C4B9A7}.Debug|x86.ActiveCfg = Debug|Any CPU
		{511DCB66-2B11-4CFB-99A6-7DBB19C4B9A7}.Debug|x86.Build.0 = Debug|Any CPU
		{511DCB66-2B11-4CFB-99A6-7DBB19C4B9A7}.Release|Any CPU.ActiveCfg = Release|Any CPU
		{511DCB66-2B11-4CFB-99A6-7DBB19C4B9A7}.Release|Any CPU.Build.0 = Release|Any CPU
		{511DCB66-2B11-4CFB-99A6-7DBB19C4B9A7}.Release|x64.ActiveCfg = Release|Any CPU
		{511DCB66-2B11-4CFB-99A6-7DBB19C4B9A7}.Release|x64.Build.0 = Release|Any CPU
		{511DCB66-2B11-4CFB-99A6-7DBB19C4B9A7}.Release|x86.ActiveCfg = Release|Any CPU
		{511DCB66-2B11-4CFB-99A6-7DBB19C4B9A7}.Release|x86.Build.0 = Release|Any CPU
		{80C9D333-3542-4C7D-ADC1-F4464F0FF626}.Debug|Any CPU.ActiveCfg = Debug|Any CPU
		{80C9D333-3542-4C7D-ADC1-F4464F0FF626}.Debug|Any CPU.Build.0 = Debug|Any CPU
		{80C9D333-3542-4C7D-ADC1-F4464F0FF626}.Debug|x64.ActiveCfg = Debug|Any CPU
		{80C9D333-3542-4C7D-ADC1-F4464F0FF626}.Debug|x64.Build.0 = Debug|Any CPU
		{80C9D333-3542-4C7D-ADC1-F4464F0FF626}.Debug|x86.ActiveCfg = Debug|Any CPU
		{80C9D333-3542-4C7D-ADC1-F4464F0FF626}.Debug|x86.Build.0 = Debug|Any CPU
		{80C9D333-3542-4C7D-ADC1-F4464F0FF626}.Release|Any CPU.ActiveCfg = Release|Any CPU
		{80C9D333-3542-4C7D-ADC1-F4464F0FF626}.Release|Any CPU.Build.0 = Release|Any CPU
		{80C9D333-3542-4C7D-ADC1-F4464F0FF626}.Release|x64.ActiveCfg = Release|Any CPU
		{80C9D333-3542-4C7D-ADC1-F4464F0FF626}.Release|x64.Build.0 = Release|Any CPU
		{80C9D333-3542-4C7D-ADC1-F4464F0FF626}.Release|x86.ActiveCfg = Release|Any CPU
		{80C9D333-3542-4C7D-ADC1-F4464F0FF626}.Release|x86.Build.0 = Release|Any CPU
	EndGlobalSection
EndGlobal
